# This file is automatically @generated by Poetry and should not be changed by hand.

[[package]]
name = "appnope"
version = "0.1.3"
description = "Disable App Nap on macOS >= 10.9"
category = "dev"
optional = false
python-versions = "*"
files = [
    {file = "appnope-0.1.3-py2.py3-none-any.whl", hash = "sha256:265a455292d0bd8a72453494fa24df5a11eb18373a60c7c0430889f22548605e"},
    {file = "appnope-0.1.3.tar.gz", hash = "sha256:02bd91c4de869fbb1e1c50aafc4098827a7a54ab2f39d9dcba6c9547ed920e24"},
]

[[package]]
name = "asttokens"
version = "2.2.1"
description = "Annotate AST trees with source code positions"
category = "dev"
optional = false
python-versions = "*"
files = [
    {file = "asttokens-2.2.1-py2.py3-none-any.whl", hash = "sha256:6b0ac9e93fb0335014d382b8fa9b3afa7df546984258005da0b9e7095b3deb1c"},
    {file = "asttokens-2.2.1.tar.gz", hash = "sha256:4622110b2a6f30b77e1473affaa97e711bc2f07d3f10848420ff1898edbe94f3"},
]

[package.dependencies]
six = "*"

[package.extras]
test = ["astroid", "pytest"]

[[package]]
name = "backcall"
version = "0.2.0"
description = "Specifications for callback functions passed in to an API"
category = "dev"
optional = false
python-versions = "*"
files = [
    {file = "backcall-0.2.0-py2.py3-none-any.whl", hash = "sha256:fbbce6a29f263178a1f7915c1940bde0ec2b2a967566fe1c65c1dfb7422bd255"},
    {file = "backcall-0.2.0.tar.gz", hash = "sha256:5cbdbf27be5e7cfadb448baf0aa95508f91f2bbc6c6437cd9cd06e2a4c215e1e"},
]

[[package]]
name = "colorama"
version = "0.4.6"
description = "Cross-platform colored terminal text."
category = "dev"
optional = false
python-versions = "!=3.0.*,!=3.1.*,!=3.2.*,!=3.3.*,!=3.4.*,!=3.5.*,!=3.6.*,>=2.7"
files = [
    {file = "colorama-0.4.6-py2.py3-none-any.whl", hash = "sha256:4f1d9991f5acc0ca119f9d443620b77f9d6b33703e51011c16baf57afb285fc6"},
    {file = "colorama-0.4.6.tar.gz", hash = "sha256:08695f5cb7ed6e0531a20572697297273c47b8cae5a63ffc6d6ed5c201be6e44"},
]

[[package]]
name = "cython"
version = "0.29.35"
description = "The Cython compiler for writing C extensions for the Python language."
category = "main"
optional = false
python-versions = ">=2.6, !=3.0.*, !=3.1.*, !=3.2.*"
files = [
    {file = "Cython-0.29.35-cp27-cp27m-manylinux_2_5_i686.manylinux1_i686.whl", hash = "sha256:fb8c11cd3e2d5ab7c2da78c5698e527ecbe469437326811562a3fbf4c5780ae4"},
    {file = "Cython-0.29.35-cp27-cp27m-manylinux_2_5_x86_64.manylinux1_x86_64.whl", hash = "sha256:9e54b4bee55fec952333126147b89c195ebe1d60e8e492ec778916ca5ca03151"},
    {file = "Cython-0.29.35-cp27-cp27mu-manylinux_2_5_i686.manylinux1_i686.whl", hash = "sha256:ba534e07543b44fb5ae37e56e61072ed1021b2d6ed643dbb92afa8239a04aa83"},
    {file = "Cython-0.29.35-cp27-cp27mu-manylinux_2_5_x86_64.manylinux1_x86_64.whl", hash = "sha256:c1d7a9ff809fa9b4a9fe04df86c9f7f574ca31c2ad896462a97ea89523db286a"},
    {file = "Cython-0.29.35-cp310-cp310-manylinux_2_17_aarch64.manylinux2014_aarch64.manylinux_2_24_aarch64.whl", hash = "sha256:247d585d8e49f002e522f3420751a4b3da0cf8532ef64d382e0bc9b4c840642c"},
    {file = "Cython-0.29.35-cp310-cp310-manylinux_2_17_x86_64.manylinux2014_x86_64.manylinux_2_24_x86_64.whl", hash = "sha256:ef2fc6f81aa8fb512535b01199fbe0d0ecafb8a29f261055e4b3f103c7bd6c75"},
    {file = "Cython-0.29.35-cp310-cp310-manylinux_2_5_i686.manylinux1_i686.manylinux_2_24_i686.whl", hash = "sha256:be7e1f98a359408186025f84d28d243e4527acb976f06b8ae8441dc5db204280"},
    {file = "Cython-0.29.35-cp310-cp310-musllinux_1_1_x86_64.whl", hash = "sha256:2e1e5d62f15ea4fa4a8bc76e4fcc2ea313a8afe70488b7b870716bcfb12b8246"},
    {file = "Cython-0.29.35-cp311-cp311-manylinux_2_17_aarch64.manylinux2014_aarch64.manylinux_2_24_aarch64.whl", hash = "sha256:75541567a2de1f893d247a7f9aa300dff5662fb33822a5fb75bc9621369b8ef0"},
    {file = "Cython-0.29.35-cp311-cp311-manylinux_2_17_x86_64.manylinux2014_x86_64.manylinux_2_24_x86_64.whl", hash = "sha256:99477c1d4a105a562c05d43cc01905b6711f0a6a558d90f20c7aee0fb23d59d5"},
    {file = "Cython-0.29.35-cp311-cp311-manylinux_2_5_i686.manylinux1_i686.manylinux_2_24_i686.whl", hash = "sha256:c44bb47b314abc743705c7d038d351ffc3a34b95ab59b04b8cb27cf781b44ae8"},
    {file = "Cython-0.29.35-cp311-cp311-musllinux_1_1_x86_64.whl", hash = "sha256:94859c3fd90767995b33d803edecad21e73749823db468d34f21e80451a11a99"},
    {file = "Cython-0.29.35-cp312-cp312-musllinux_1_1_x86_64.whl", hash = "sha256:5a47974f3ebccf25702ffdd569904f7807ea1ef0830987c133877fabefdc4bab"},
    {file = "Cython-0.29.35-cp35-cp35m-manylinux_2_5_i686.manylinux1_i686.whl", hash = "sha256:520c50d1875627c111900d7184fd658e32967a3ef807dc2fbc252e384839cbcf"},
    {file = "Cython-0.29.35-cp35-cp35m-manylinux_2_5_x86_64.manylinux1_x86_64.whl", hash = "sha256:516abc754f15b84d6a8e71c8abd90e10346ea86001563480f0be1b349d09c6b8"},
    {file = "Cython-0.29.35-cp36-cp36m-manylinux_2_17_aarch64.manylinux2014_aarch64.manylinux_2_24_aarch64.whl", hash = "sha256:c38e2c1e94b596132454b29757536d5afa810011d8bcb86918cc6693d2302940"},
    {file = "Cython-0.29.35-cp36-cp36m-manylinux_2_17_x86_64.manylinux2014_x86_64.manylinux_2_24_x86_64.whl", hash = "sha256:511f3adfb2db4db2eb882f892525db18a3a21803830474d2fa8b7a1a0f406985"},
    {file = "Cython-0.29.35-cp36-cp36m-manylinux_2_5_i686.manylinux1_i686.manylinux_2_24_i686.whl", hash = "sha256:445e092708c26b357c97b3c68ea3eab31846fc9c1360bb150225f340c20322ec"},
    {file = "Cython-0.29.35-cp36-cp36m-manylinux_2_5_i686.manylinux1_i686.whl", hash = "sha256:3da42ef5b71674e4864b6afbe1bcacba75807684e22b6337f753cf297ae4e2d2"},
    {file = "Cython-0.29.35-cp36-cp36m-manylinux_2_5_x86_64.manylinux1_x86_64.whl", hash = "sha256:db695a19968a54b9ac53048c723234b4f0db7409def0a5c5517237202e7a9b92"},
    {file = "Cython-0.29.35-cp36-cp36m-musllinux_1_1_x86_64.whl", hash = "sha256:156ae92bedcd8261b5259724e2dc4d8eb12ac29159359e34c8358b65d24430ac"},
    {file = "Cython-0.29.35-cp37-cp37m-manylinux_2_17_aarch64.manylinux2014_aarch64.manylinux_2_24_aarch64.whl", hash = "sha256:ea1c166336188630cd3e48aea4bbe06ea1bab444624e31c78973fffcae1cf708"},
    {file = "Cython-0.29.35-cp37-cp37m-manylinux_2_17_x86_64.manylinux2014_x86_64.manylinux_2_24_x86_64.whl", hash = "sha256:e7b1901b03c37a082ba405e2cf73a57091e835c7af35f664f9dd1d855a992ad5"},
    {file = "Cython-0.29.35-cp37-cp37m-manylinux_2_5_i686.manylinux1_i686.manylinux_2_24_i686.whl", hash = "sha256:27f58d0dd53a8ffb614814c725d3ee3f136e53178611f7f769ff358f69e50502"},
    {file = "Cython-0.29.35-cp37-cp37m-manylinux_2_5_i686.manylinux1_i686.whl", hash = "sha256:6c19e2ba027d2e9e2d88a08aa6007344be781ed99bc0924deb237ec52ca14c09"},
    {file = "Cython-0.29.35-cp37-cp37m-manylinux_2_5_x86_64.manylinux1_x86_64.whl", hash = "sha256:b63ea04db03190dc8b25d167598989be5c1fe9fc3121d7802c0aafc8a4ec383f"},
    {file = "Cython-0.29.35-cp37-cp37m-musllinux_1_1_x86_64.whl", hash = "sha256:5cdd65f7d85e15f1662c75d85d837c20d5c68acdd1029bfd08fb44c4422d7d9b"},
    {file = "Cython-0.29.35-cp38-cp38-manylinux_2_17_aarch64.manylinux2014_aarch64.manylinux_2_24_aarch64.whl", hash = "sha256:c17c876db737e1183d18d23db9cc31a9f565c113a32523c672af72f6497e382f"},
    {file = "Cython-0.29.35-cp38-cp38-manylinux_2_17_x86_64.manylinux2014_x86_64.manylinux_2_24_x86_64.whl", hash = "sha256:2a2f2fb9b1c0a4a3890713127fba55a38d2cf1619b2570c43c92a93fee80111a"},
    {file = "Cython-0.29.35-cp38-cp38-manylinux_2_5_i686.manylinux1_i686.manylinux_2_24_i686.whl", hash = "sha256:a1ad51612ff6cfe05cd58f584f01373d64906bb0c860a067c6441359ff10464f"},
    {file = "Cython-0.29.35-cp38-cp38-manylinux_2_5_i686.manylinux1_i686.whl", hash = "sha256:3cd717eee52072be8244bb07f0e4126f893214d2dfd1ba8b38b533e1ffec4f8a"},
    {file = "Cython-0.29.35-cp38-cp38-manylinux_2_5_x86_64.manylinux1_x86_64.whl", hash = "sha256:acab11c834cbe8fb7b71f9f7b4c4655afd82ffadb1be93d5354a67702fcee69d"},
    {file = "Cython-0.29.35-cp38-cp38-musllinux_1_1_x86_64.whl", hash = "sha256:8841158f274896702afe732571d37be22868a301275f952f6280547b25280538"},
    {file = "Cython-0.29.35-cp39-cp39-manylinux_2_17_aarch64.manylinux2014_aarch64.manylinux_2_24_aarch64.whl", hash = "sha256:0a9334d137bd42fca34b6b413063e19c194ba760846f34804ea1fb477cbe9a88"},
    {file = "Cython-0.29.35-cp39-cp39-manylinux_2_17_x86_64.manylinux2014_x86_64.manylinux_2_24_x86_64.whl", hash = "sha256:c4cd7de707938b8385cd1f88e1446228fbfe09af7822fa13877a4374c4881198"},
    {file = "Cython-0.29.35-cp39-cp39-manylinux_2_5_i686.manylinux1_i686.manylinux_2_24_i686.whl", hash = "sha256:05b7ede0b0eb1c6b9bd748fa67c5ebf3c3560d04d7c8a1486183ddd099de5a00"},
    {file = "Cython-0.29.35-cp39-cp39-manylinux_2_5_i686.manylinux1_i686.whl", hash = "sha256:537bc1e0ed9bf7289c80f39a9a9359f5649068647631996313f77ba57afde40b"},
    {file = "Cython-0.29.35-cp39-cp39-manylinux_2_5_x86_64.manylinux1_x86_64.whl", hash = "sha256:402307ad6fd209816cf539680035ef79cce171288cb98f81f3f11ea8ef3afd99"},
    {file = "Cython-0.29.35-cp39-cp39-musllinux_1_1_x86_64.whl", hash = "sha256:563a02ea675ed6321d6257df067c89f17b89a63487ef8b9ce0d598e88e7ff0bd"},
    {file = "Cython-0.29.35-py2.py3-none-any.whl", hash = "sha256:417703dc67c447089258ab4b3d217f9c03894574e4a0d6c50648a208bc8352bb"},
    {file = "Cython-0.29.35.tar.gz", hash = "sha256:6e381fa0bf08b3c26ec2f616b19ae852c06f5750f4290118bf986b6f85c8c527"},
]

[[package]]
name = "decorator"
version = "5.1.1"
description = "Decorators for Humans"
category = "dev"
optional = false
python-versions = ">=3.5"
files = [
    {file = "decorator-5.1.1-py3-none-any.whl", hash = "sha256:b8c3f85900b9dc423225913c5aace94729fe1fa9763b38939a95226f02d37186"},
    {file = "decorator-5.1.1.tar.gz", hash = "sha256:637996211036b6385ef91435e4fae22989472f9d571faba8927ba8253acbc330"},
]

[[package]]
name = "executing"
version = "1.2.0"
description = "Get the currently executing AST node of a frame, and other information"
category = "dev"
optional = false
python-versions = "*"
files = [
    {file = "executing-1.2.0-py2.py3-none-any.whl", hash = "sha256:0314a69e37426e3608aada02473b4161d4caf5a4b244d1d0c48072b8fee7bacc"},
    {file = "executing-1.2.0.tar.gz", hash = "sha256:19da64c18d2d851112f09c287f8d3dbbdf725ab0e569077efb6cdcbd3497c107"},
]

[package.extras]
tests = ["asttokens", "littleutils", "pytest", "rich"]

[[package]]
name = "ipython"
version = "8.14.0"
description = "IPython: Productive Interactive Computing"
category = "dev"
optional = false
python-versions = ">=3.9"
files = [
    {file = "ipython-8.14.0-py3-none-any.whl", hash = "sha256:248aca623f5c99a6635bc3857677b7320b9b8039f99f070ee0d20a5ca5a8e6bf"},
    {file = "ipython-8.14.0.tar.gz", hash = "sha256:1d197b907b6ba441b692c48cf2a3a2de280dc0ac91a3405b39349a50272ca0a1"},
]

[package.dependencies]
appnope = {version = "*", markers = "sys_platform == \"darwin\""}
backcall = "*"
colorama = {version = "*", markers = "sys_platform == \"win32\""}
decorator = "*"
jedi = ">=0.16"
matplotlib-inline = "*"
pexpect = {version = ">4.3", markers = "sys_platform != \"win32\""}
pickleshare = "*"
prompt-toolkit = ">=3.0.30,<3.0.37 || >3.0.37,<3.1.0"
pygments = ">=2.4.0"
stack-data = "*"
traitlets = ">=5"

[package.extras]
all = ["black", "curio", "docrepr", "ipykernel", "ipyparallel", "ipywidgets", "matplotlib", "matplotlib (!=3.2.0)", "nbconvert", "nbformat", "notebook", "numpy (>=1.21)", "pandas", "pytest (<7)", "pytest (<7.1)", "pytest-asyncio", "qtconsole", "setuptools (>=18.5)", "sphinx (>=1.3)", "sphinx-rtd-theme", "stack-data", "testpath", "trio", "typing-extensions"]
black = ["black"]
doc = ["docrepr", "ipykernel", "matplotlib", "pytest (<7)", "pytest (<7.1)", "pytest-asyncio", "setuptools (>=18.5)", "sphinx (>=1.3)", "sphinx-rtd-theme", "stack-data", "testpath", "typing-extensions"]
kernel = ["ipykernel"]
nbconvert = ["nbconvert"]
nbformat = ["nbformat"]
notebook = ["ipywidgets", "notebook"]
parallel = ["ipyparallel"]
qtconsole = ["qtconsole"]
test = ["pytest (<7.1)", "pytest-asyncio", "testpath"]
test-extra = ["curio", "matplotlib (!=3.2.0)", "nbformat", "numpy (>=1.21)", "pandas", "pytest (<7.1)", "pytest-asyncio", "testpath", "trio"]

[[package]]
name = "jedi"
version = "0.18.2"
description = "An autocompletion tool for Python that can be used for text editors."
category = "dev"
optional = false
python-versions = ">=3.6"
files = [
    {file = "jedi-0.18.2-py2.py3-none-any.whl", hash = "sha256:203c1fd9d969ab8f2119ec0a3342e0b49910045abe6af0a3ae83a5764d54639e"},
    {file = "jedi-0.18.2.tar.gz", hash = "sha256:bae794c30d07f6d910d32a7048af09b5a39ed740918da923c6b780790ebac612"},
]

[package.dependencies]
parso = ">=0.8.0,<0.9.0"

[package.extras]
docs = ["Jinja2 (==2.11.3)", "MarkupSafe (==1.1.1)", "Pygments (==2.8.1)", "alabaster (==0.7.12)", "babel (==2.9.1)", "chardet (==4.0.0)", "commonmark (==0.8.1)", "docutils (==0.17.1)", "future (==0.18.2)", "idna (==2.10)", "imagesize (==1.2.0)", "mock (==1.0.1)", "packaging (==20.9)", "pyparsing (==2.4.7)", "pytz (==2021.1)", "readthedocs-sphinx-ext (==2.1.4)", "recommonmark (==0.5.0)", "requests (==2.25.1)", "six (==1.15.0)", "snowballstemmer (==2.1.0)", "sphinx (==1.8.5)", "sphinx-rtd-theme (==0.4.3)", "sphinxcontrib-serializinghtml (==1.1.4)", "sphinxcontrib-websupport (==1.2.4)", "urllib3 (==1.26.4)"]
qa = ["flake8 (==3.8.3)", "mypy (==0.782)"]
testing = ["Django (<3.1)", "attrs", "colorama", "docopt", "pytest (<7.0.0)"]

[[package]]
name = "llvmlite"
version = "0.40.0"
description = "lightweight wrapper around basic LLVM functionality"
category = "main"
optional = false
python-versions = ">=3.8"
files = [
    {file = "llvmlite-0.40.0-cp310-cp310-macosx_10_9_x86_64.whl", hash = "sha256:90a46db1ed219d93ef05245ec17cf243074ec2b2687209cb310a803a2c2510dc"},
    {file = "llvmlite-0.40.0-cp310-cp310-macosx_11_0_arm64.whl", hash = "sha256:b9d742b66023298532d0e7beddd3d9f04334c046df7a02a1ec2ba8b4046a978c"},
    {file = "llvmlite-0.40.0-cp310-cp310-manylinux_2_17_aarch64.manylinux2014_aarch64.whl", hash = "sha256:3ff38c309dc758b996d556e599e00647e6b8dbd21125c06b2d0584a9984a2288"},
    {file = "llvmlite-0.40.0-cp310-cp310-manylinux_2_17_x86_64.manylinux2014_x86_64.whl", hash = "sha256:66ecb8cdee35bbbdad9b331f446641977645de1973f6270bf4194307a1753666"},
    {file = "llvmlite-0.40.0-cp310-cp310-win32.whl", hash = "sha256:83dd5148f6ddd4d35585b69ebaa50605fdf8011a5b7259a0463afd4aefc62414"},
    {file = "llvmlite-0.40.0-cp310-cp310-win_amd64.whl", hash = "sha256:f72d6ccbfd9cc7da43098fcef23ffbe173ce2d986215072dbb2e7929412f9ff8"},
    {file = "llvmlite-0.40.0-cp311-cp311-macosx_10_9_x86_64.whl", hash = "sha256:bbf19077144e159406ef222348d5330d5061177fb79d3f7f82abf2cf29b77c0b"},
    {file = "llvmlite-0.40.0-cp311-cp311-macosx_11_0_arm64.whl", hash = "sha256:a4732d6c981f658f014dd2ab2b682ac631cd12a6695e77c2d460cc68dc767868"},
    {file = "llvmlite-0.40.0-cp311-cp311-manylinux_2_17_aarch64.manylinux2014_aarch64.whl", hash = "sha256:2754c4d2b6f027ab45425abd94dee4cbd228b598531b1e9e1fc15f3298265d88"},
    {file = "llvmlite-0.40.0-cp311-cp311-manylinux_2_17_x86_64.manylinux2014_x86_64.whl", hash = "sha256:bb79b992bdc2e62c5f5f86263d5546b5298d498e7c1a9d64b3a6f0d31f46ba5b"},
    {file = "llvmlite-0.40.0-cp311-cp311-win_amd64.whl", hash = "sha256:be0ff5b68a86e47a7ec6cd5389bb17b4b8f020b981628c9e714dc2cfdbe89c86"},
    {file = "llvmlite-0.40.0-cp38-cp38-macosx_10_9_x86_64.whl", hash = "sha256:f5d4445eccd9c9c5639b35cb6279231f97cbd77a1c49fb41c05081ff96e041db"},
    {file = "llvmlite-0.40.0-cp38-cp38-macosx_11_0_arm64.whl", hash = "sha256:060f00611d8e65d6db80cabba17fbefde9ebefbfb6937fe5677f06cd3e7bbe3c"},
    {file = "llvmlite-0.40.0-cp38-cp38-manylinux_2_17_aarch64.manylinux2014_aarch64.whl", hash = "sha256:58f5ba5febb2372418a3d37bd76d51bb987276a6fd979c2f2772b60b9061e575"},
    {file = "llvmlite-0.40.0-cp38-cp38-manylinux_2_17_x86_64.manylinux2014_x86_64.whl", hash = "sha256:9d1622237e6ce543ac185751f782c7e10cabe45abf2de802cd5dca8023805a5c"},
    {file = "llvmlite-0.40.0-cp38-cp38-win32.whl", hash = "sha256:06803a1a38f911576bbe63a4082334d6661c59f2080e4681de1c66ec4924b0ac"},
    {file = "llvmlite-0.40.0-cp38-cp38-win_amd64.whl", hash = "sha256:87c2114567f95c715ae35b03d82caa0df66a978c93a1ff752964949e9ce596d5"},
    {file = "llvmlite-0.40.0-cp39-cp39-macosx_10_9_x86_64.whl", hash = "sha256:8a3382d81fcda57f5502f45a9ca62e0c9103fabd5f817c9820c7e61b9375f3d7"},
    {file = "llvmlite-0.40.0-cp39-cp39-macosx_11_0_arm64.whl", hash = "sha256:260b0241c17a1ec585020e1df58ed30b9975c3573c619fa1724ceb4cd53cbe42"},
    {file = "llvmlite-0.40.0-cp39-cp39-manylinux_2_17_aarch64.manylinux2014_aarch64.whl", hash = "sha256:f980992b6c9dfee20a1608c5a4d875f8a52d76353ca02470550a85be6e5d3680"},
    {file = "llvmlite-0.40.0-cp39-cp39-manylinux_2_17_x86_64.manylinux2014_x86_64.whl", hash = "sha256:52eee9e245ef6eb911d6c2a3a1a66378745a40c637284386031b0915754f457e"},
    {file = "llvmlite-0.40.0-cp39-cp39-win32.whl", hash = "sha256:d27c2ec699b820296659dfd36ead1c527eb190c6d5cb3de24bfbee1024bdc20a"},
    {file = "llvmlite-0.40.0-cp39-cp39-win_amd64.whl", hash = "sha256:6cf84141d1793c69285b88acf4216370cb831eab99778546a2a9002fadac932d"},
    {file = "llvmlite-0.40.0.tar.gz", hash = "sha256:c910b8fbfd67b8e9d0b10ebc012b23cd67cbecef1b96f00d391ddd298d71671c"},
]

[[package]]
name = "matplotlib-inline"
version = "0.1.6"
description = "Inline Matplotlib backend for Jupyter"
category = "dev"
optional = false
python-versions = ">=3.5"
files = [
    {file = "matplotlib-inline-0.1.6.tar.gz", hash = "sha256:f887e5f10ba98e8d2b150ddcf4702c1e5f8b3a20005eb0f74bfdbd360ee6f304"},
    {file = "matplotlib_inline-0.1.6-py3-none-any.whl", hash = "sha256:f1f41aab5328aa5aaea9b16d083b128102f8712542f819fe7e6a420ff581b311"},
]

[package.dependencies]
traitlets = "*"

[[package]]
name = "numba"
version = "0.57.0"
description = "compiling Python code using LLVM"
category = "main"
optional = false
python-versions = ">=3.8"
files = [
    {file = "numba-0.57.0-cp310-cp310-macosx_10_9_x86_64.whl", hash = "sha256:2e2c14c411545e80bf0f1a33232fb0bd6aa3368f86e56eeffc7f6d3ac16ea3fd"},
    {file = "numba-0.57.0-cp310-cp310-macosx_11_0_arm64.whl", hash = "sha256:6b3382c56d805ffcdc7b46eb69a906be733dd35b84be14abba8e5fd27d7916b2"},
    {file = "numba-0.57.0-cp310-cp310-manylinux2014_aarch64.manylinux_2_17_aarch64.whl", hash = "sha256:133cba9b5002bf67f6f73d9b3050d919c1be91326bbdcccfdf3259bcfb1cec0e"},
    {file = "numba-0.57.0-cp310-cp310-manylinux2014_x86_64.manylinux_2_17_x86_64.whl", hash = "sha256:d92a17ee849574665c5d94e9c9b862e469e1231d3dbb9e58e58b30b4bb0cbce9"},
    {file = "numba-0.57.0-cp310-cp310-win32.whl", hash = "sha256:abc90c3d303a67ae5194770a6f0d0a83edf076683b8a426349a27b91d98e00d1"},
    {file = "numba-0.57.0-cp310-cp310-win_amd64.whl", hash = "sha256:430f43c96f866ca4fe6008d8aa28bb608911d908ff94f879e0dbad7768ef9869"},
    {file = "numba-0.57.0-cp311-cp311-macosx_10_9_x86_64.whl", hash = "sha256:069f7d8fddad4c0eb1d7534c2a18098fe50473dc77832b409176002e9011b96f"},
    {file = "numba-0.57.0-cp311-cp311-macosx_11_0_arm64.whl", hash = "sha256:79daa130fc9e4ebd1eea0a594d1de86d8a4366989f5fab93c482246b502520db"},
    {file = "numba-0.57.0-cp311-cp311-manylinux2014_aarch64.manylinux_2_17_aarch64.whl", hash = "sha256:274f4db4814ebd5ec81697acfc36df04a865b86610d7714905185b753f3f9baf"},
    {file = "numba-0.57.0-cp311-cp311-manylinux2014_x86_64.manylinux_2_17_x86_64.whl", hash = "sha256:0106ee441e3f69cc6f17cb470c4fcccd592e0606567d43245635d72b071ab88e"},
    {file = "numba-0.57.0-cp311-cp311-win_amd64.whl", hash = "sha256:a5d31b4d95000d86ffa9652ab5bcfa0ea30e6c3fc40e610147d4f2f00116703d"},
    {file = "numba-0.57.0-cp38-cp38-macosx_10_9_x86_64.whl", hash = "sha256:3e0b8de39bf17519435937b53276dfb02e2eb8bc27cd211c8eeb01ffed1cab6b"},
    {file = "numba-0.57.0-cp38-cp38-macosx_11_0_arm64.whl", hash = "sha256:18d90fa6fcd5b796999392a8ea67f2fbccecf8dabcea726e2e721c79f40566a6"},
    {file = "numba-0.57.0-cp38-cp38-manylinux2014_aarch64.manylinux_2_17_aarch64.whl", hash = "sha256:d4f62528c7c8c5f97e9689fd788e420b68c67ee0a1a9a7715a57fd584b7aef1e"},
    {file = "numba-0.57.0-cp38-cp38-manylinux2014_x86_64.manylinux_2_17_x86_64.whl", hash = "sha256:fd12cf0b431676c08057685e229ea5daaa1ec8efba2506c38671734ace49c2d7"},
    {file = "numba-0.57.0-cp38-cp38-win32.whl", hash = "sha256:e5f11b1d435fb4d1d1b68fa68ff456d632dc4bfd40b18825ff80d6081d1afb26"},
    {file = "numba-0.57.0-cp38-cp38-win_amd64.whl", hash = "sha256:5810ed2d6d22eb3c48bedfac2187fc44bb90e05f02d47fd31059e69207ae4106"},
    {file = "numba-0.57.0-cp39-cp39-macosx_10_9_x86_64.whl", hash = "sha256:eddba74493d4003a42cd61ff7feca4928a94a45553d1fddac77a5cc339f6f4f9"},
    {file = "numba-0.57.0-cp39-cp39-macosx_11_0_arm64.whl", hash = "sha256:110be5e1213d0a3d5fc691e921a000779500620196d99cee9908fce83d1e48df"},
    {file = "numba-0.57.0-cp39-cp39-manylinux2014_aarch64.manylinux_2_17_aarch64.whl", hash = "sha256:f949018ab9c467d38f14fe17db4df0d4a1c664be802189e2d6c5a434d9ffd4f6"},
    {file = "numba-0.57.0-cp39-cp39-manylinux2014_x86_64.manylinux_2_17_x86_64.whl", hash = "sha256:9fc0cd4ec93a1e3877985e10ed5837ed2991c83aa4b7ca574caae5c8b448cc4b"},
    {file = "numba-0.57.0-cp39-cp39-win32.whl", hash = "sha256:83d4f21c98eed3001e9896a43a1ce9c825999c03f7eb39ddd1c2d07a76708392"},
    {file = "numba-0.57.0-cp39-cp39-win_amd64.whl", hash = "sha256:9173d00c6753212b68e4fd319cfa96c21b2263949452c97b034e78ce09539dee"},
    {file = "numba-0.57.0.tar.gz", hash = "sha256:2af6d81067a5bdc13960c6d2519dbabbf4d5d597cf75d640c5aeaefd48c6420a"},
]

[package.dependencies]
llvmlite = ">=0.40.0dev0,<0.41"
numpy = ">=1.21,<1.25"

[[package]]
name = "numpy"
version = "1.24.3"
description = "Fundamental package for array computing in Python"
category = "main"
optional = false
python-versions = ">=3.8"
files = [
    {file = "numpy-1.24.3-cp310-cp310-macosx_10_9_x86_64.whl", hash = "sha256:3c1104d3c036fb81ab923f507536daedc718d0ad5a8707c6061cdfd6d184e570"},
    {file = "numpy-1.24.3-cp310-cp310-macosx_11_0_arm64.whl", hash = "sha256:202de8f38fc4a45a3eea4b63e2f376e5f2dc64ef0fa692838e31a808520efaf7"},
    {file = "numpy-1.24.3-cp310-cp310-manylinux_2_17_aarch64.manylinux2014_aarch64.whl", hash = "sha256:8535303847b89aa6b0f00aa1dc62867b5a32923e4d1681a35b5eef2d9591a463"},
    {file = "numpy-1.24.3-cp310-cp310-manylinux_2_17_x86_64.manylinux2014_x86_64.whl", hash = "sha256:2d926b52ba1367f9acb76b0df6ed21f0b16a1ad87c6720a1121674e5cf63e2b6"},
    {file = "numpy-1.24.3-cp310-cp310-win32.whl", hash = "sha256:f21c442fdd2805e91799fbe044a7b999b8571bb0ab0f7850d0cb9641a687092b"},
    {file = "numpy-1.24.3-cp310-cp310-win_amd64.whl", hash = "sha256:ab5f23af8c16022663a652d3b25dcdc272ac3f83c3af4c02eb8b824e6b3ab9d7"},
    {file = "numpy-1.24.3-cp311-cp311-macosx_10_9_x86_64.whl", hash = "sha256:9a7721ec204d3a237225db3e194c25268faf92e19338a35f3a224469cb6039a3"},
    {file = "numpy-1.24.3-cp311-cp311-macosx_11_0_arm64.whl", hash = "sha256:d6cc757de514c00b24ae8cf5c876af2a7c3df189028d68c0cb4eaa9cd5afc2bf"},
    {file = "numpy-1.24.3-cp311-cp311-manylinux_2_17_aarch64.manylinux2014_aarch64.whl", hash = "sha256:76e3f4e85fc5d4fd311f6e9b794d0c00e7002ec122be271f2019d63376f1d385"},
    {file = "numpy-1.24.3-cp311-cp311-manylinux_2_17_x86_64.manylinux2014_x86_64.whl", hash = "sha256:a1d3c026f57ceaad42f8231305d4653d5f05dc6332a730ae5c0bea3513de0950"},
    {file = "numpy-1.24.3-cp311-cp311-win32.whl", hash = "sha256:c91c4afd8abc3908e00a44b2672718905b8611503f7ff87390cc0ac3423fb096"},
    {file = "numpy-1.24.3-cp311-cp311-win_amd64.whl", hash = "sha256:5342cf6aad47943286afa6f1609cad9b4266a05e7f2ec408e2cf7aea7ff69d80"},
    {file = "numpy-1.24.3-cp38-cp38-macosx_10_9_x86_64.whl", hash = "sha256:7776ea65423ca6a15255ba1872d82d207bd1e09f6d0894ee4a64678dd2204078"},
    {file = "numpy-1.24.3-cp38-cp38-macosx_11_0_arm64.whl", hash = "sha256:ae8d0be48d1b6ed82588934aaaa179875e7dc4f3d84da18d7eae6eb3f06c242c"},
    {file = "numpy-1.24.3-cp38-cp38-manylinux_2_17_aarch64.manylinux2014_aarch64.whl", hash = "sha256:ecde0f8adef7dfdec993fd54b0f78183051b6580f606111a6d789cd14c61ea0c"},
    {file = "numpy-1.24.3-cp38-cp38-manylinux_2_17_x86_64.manylinux2014_x86_64.whl", hash = "sha256:4749e053a29364d3452c034827102ee100986903263e89884922ef01a0a6fd2f"},
    {file = "numpy-1.24.3-cp38-cp38-win32.whl", hash = "sha256:d933fabd8f6a319e8530d0de4fcc2e6a61917e0b0c271fded460032db42a0fe4"},
    {file = "numpy-1.24.3-cp38-cp38-win_amd64.whl", hash = "sha256:56e48aec79ae238f6e4395886b5eaed058abb7231fb3361ddd7bfdf4eed54289"},
    {file = "numpy-1.24.3-cp39-cp39-macosx_10_9_x86_64.whl", hash = "sha256:4719d5aefb5189f50887773699eaf94e7d1e02bf36c1a9d353d9f46703758ca4"},
    {file = "numpy-1.24.3-cp39-cp39-macosx_11_0_arm64.whl", hash = "sha256:0ec87a7084caa559c36e0a2309e4ecb1baa03b687201d0a847c8b0ed476a7187"},
    {file = "numpy-1.24.3-cp39-cp39-manylinux_2_17_aarch64.manylinux2014_aarch64.whl", hash = "sha256:ea8282b9bcfe2b5e7d491d0bf7f3e2da29700cec05b49e64d6246923329f2b02"},
    {file = "numpy-1.24.3-cp39-cp39-manylinux_2_17_x86_64.manylinux2014_x86_64.whl", hash = "sha256:210461d87fb02a84ef243cac5e814aad2b7f4be953b32cb53327bb49fd77fbb4"},
    {file = "numpy-1.24.3-cp39-cp39-win32.whl", hash = "sha256:784c6da1a07818491b0ffd63c6bbe5a33deaa0e25a20e1b3ea20cf0e43f8046c"},
    {file = "numpy-1.24.3-cp39-cp39-win_amd64.whl", hash = "sha256:d5036197ecae68d7f491fcdb4df90082b0d4960ca6599ba2659957aafced7c17"},
    {file = "numpy-1.24.3-pp38-pypy38_pp73-macosx_10_9_x86_64.whl", hash = "sha256:352ee00c7f8387b44d19f4cada524586f07379c0d49270f87233983bc5087ca0"},
    {file = "numpy-1.24.3-pp38-pypy38_pp73-manylinux_2_17_x86_64.manylinux2014_x86_64.whl", hash = "sha256:1a7d6acc2e7524c9955e5c903160aa4ea083736fde7e91276b0e5d98e6332812"},
    {file = "numpy-1.24.3-pp38-pypy38_pp73-win_amd64.whl", hash = "sha256:35400e6a8d102fd07c71ed7dcadd9eb62ee9a6e84ec159bd48c28235bbb0f8e4"},
    {file = "numpy-1.24.3.tar.gz", hash = "sha256:ab344f1bf21f140adab8e47fdbc7c35a477dc01408791f8ba00d018dd0bc5155"},
]

[[package]]
name = "parso"
version = "0.8.3"
description = "A Python Parser"
category = "dev"
optional = false
python-versions = ">=3.6"
files = [
    {file = "parso-0.8.3-py2.py3-none-any.whl", hash = "sha256:c001d4636cd3aecdaf33cbb40aebb59b094be2a74c556778ef5576c175e19e75"},
    {file = "parso-0.8.3.tar.gz", hash = "sha256:8c07be290bb59f03588915921e29e8a50002acaf2cdc5fa0e0114f91709fafa0"},
]

[package.extras]
qa = ["flake8 (==3.8.3)", "mypy (==0.782)"]
testing = ["docopt", "pytest (<6.0.0)"]

[[package]]
name = "pexpect"
version = "4.8.0"
description = "Pexpect allows easy control of interactive console applications."
category = "dev"
optional = false
python-versions = "*"
files = [
    {file = "pexpect-4.8.0-py2.py3-none-any.whl", hash = "sha256:0b48a55dcb3c05f3329815901ea4fc1537514d6ba867a152b581d69ae3710937"},
    {file = "pexpect-4.8.0.tar.gz", hash = "sha256:fc65a43959d153d0114afe13997d439c22823a27cefceb5ff35c2178c6784c0c"},
]

[package.dependencies]
ptyprocess = ">=0.5"

[[package]]
name = "pickleshare"
version = "0.7.5"
description = "Tiny 'shelve'-like database with concurrency support"
category = "dev"
optional = false
python-versions = "*"
files = [
    {file = "pickleshare-0.7.5-py2.py3-none-any.whl", hash = "sha256:9649af414d74d4df115d5d718f82acb59c9d418196b7b4290ed47a12ce62df56"},
    {file = "pickleshare-0.7.5.tar.gz", hash = "sha256:87683d47965c1da65cdacaf31c8441d12b8044cdec9aca500cd78fc2c683afca"},
]

[[package]]
name = "prompt-toolkit"
version = "3.0.38"
description = "Library for building powerful interactive command lines in Python"
category = "dev"
optional = false
python-versions = ">=3.7.0"
files = [
    {file = "prompt_toolkit-3.0.38-py3-none-any.whl", hash = "sha256:45ea77a2f7c60418850331366c81cf6b5b9cf4c7fd34616f733c5427e6abbb1f"},
    {file = "prompt_toolkit-3.0.38.tar.gz", hash = "sha256:23ac5d50538a9a38c8bde05fecb47d0b403ecd0662857a86f886f798563d5b9b"},
]

[package.dependencies]
wcwidth = "*"

[[package]]
name = "ptyprocess"
version = "0.7.0"
description = "Run a subprocess in a pseudo terminal"
category = "dev"
optional = false
python-versions = "*"
files = [
    {file = "ptyprocess-0.7.0-py2.py3-none-any.whl", hash = "sha256:4b41f3967fce3af57cc7e94b888626c18bf37a083e3651ca8feeb66d492fef35"},
    {file = "ptyprocess-0.7.0.tar.gz", hash = "sha256:5c5d0a3b48ceee0b48485e0c26037c0acd7d29765ca3fbb5cb3831d347423220"},
]

[[package]]
name = "pure-eval"
version = "0.2.2"
description = "Safely evaluate AST nodes without side effects"
category = "dev"
optional = false
python-versions = "*"
files = [
    {file = "pure_eval-0.2.2-py3-none-any.whl", hash = "sha256:01eaab343580944bc56080ebe0a674b39ec44a945e6d09ba7db3cb8cec289350"},
    {file = "pure_eval-0.2.2.tar.gz", hash = "sha256:2b45320af6dfaa1750f543d714b6d1c520a1688dec6fd24d339063ce0aaa9ac3"},
]

[package.extras]
tests = ["pytest"]

[[package]]
name = "pygments"
version = "2.15.1"
description = "Pygments is a syntax highlighting package written in Python."
category = "dev"
optional = false
python-versions = ">=3.7"
files = [
    {file = "Pygments-2.15.1-py3-none-any.whl", hash = "sha256:db2db3deb4b4179f399a09054b023b6a586b76499d36965813c71aa8ed7b5fd1"},
    {file = "Pygments-2.15.1.tar.gz", hash = "sha256:8ace4d3c1dd481894b2005f560ead0f9f19ee64fe983366be1a21e171d12775c"},
]

[package.extras]
plugins = ["importlib-metadata"]

[[package]]
name = "pyinstrument"
version = "4.4.0"
description = "Call stack profiler for Python. Shows you why your code is slow!"
category = "dev"
optional = false
python-versions = ">=3.7"
files = [
    {file = "pyinstrument-4.4.0-cp310-cp310-macosx_10_9_universal2.whl", hash = "sha256:8874f8f58cfcb1ff134dc8e4a2b31ab9175adb271a4423596ed7ac8183592cf8"},
    {file = "pyinstrument-4.4.0-cp310-cp310-macosx_10_9_x86_64.whl", hash = "sha256:e5f4d6e1c395f259f67a923a9c54dc3eaccd5f02540598da4f865c4bb3545762"},
    {file = "pyinstrument-4.4.0-cp310-cp310-manylinux_2_17_aarch64.manylinux2014_aarch64.whl", hash = "sha256:d70fed48ddd0078e287fb580daaeede4d8703a9edc8bf4f703308a77920bac37"},
    {file = "pyinstrument-4.4.0-cp310-cp310-manylinux_2_5_i686.manylinux1_i686.manylinux_2_17_i686.manylinux2014_i686.whl", hash = "sha256:9fda1bd596e81ecd2b6a976eb9b930a757a5dd04071583d0141d059e34eed83f"},
    {file = "pyinstrument-4.4.0-cp310-cp310-manylinux_2_5_x86_64.manylinux1_x86_64.manylinux_2_17_x86_64.manylinux2014_x86_64.whl", hash = "sha256:2f57b61d39d3b1a4d773da16baa8456aa66102d6016ce1f39817051550cbe47e"},
    {file = "pyinstrument-4.4.0-cp310-cp310-musllinux_1_1_aarch64.whl", hash = "sha256:5a9aead0ca5579473f66fed4c449c693feee464802b5ba9b98772e64e02c575c"},
    {file = "pyinstrument-4.4.0-cp310-cp310-musllinux_1_1_i686.whl", hash = "sha256:375a340c3fbebd922a35b0834de1c82d1b4fea681df49f99729439a6cb5e6ad4"},
    {file = "pyinstrument-4.4.0-cp310-cp310-musllinux_1_1_x86_64.whl", hash = "sha256:b9cbaf3bcda5ad9af4c9a7bf4f1b8f15bb32c4cadf554d0a2c723892c898021b"},
    {file = "pyinstrument-4.4.0-cp310-cp310-win32.whl", hash = "sha256:97cbeb5f5a048dc6eb047495f73db90c9e2ec97606e65298c7ea2c61fa52de38"},
    {file = "pyinstrument-4.4.0-cp310-cp310-win_amd64.whl", hash = "sha256:73edbce7fda1b3d8cab0b6c39c43b012167d783c072f40928600c3357d1a5dc5"},
    {file = "pyinstrument-4.4.0-cp311-cp311-macosx_10_9_universal2.whl", hash = "sha256:7db8cb55182883be48520eb915bd1769f176a4813ce0cc38243aa2d1182e7ce7"},
    {file = "pyinstrument-4.4.0-cp311-cp311-macosx_10_9_x86_64.whl", hash = "sha256:7c614e2c241fb558a25973019ff43ce027ba4958bcb87383f0b0789af9c4d03b"},
    {file = "pyinstrument-4.4.0-cp311-cp311-manylinux_2_17_aarch64.manylinux2014_aarch64.whl", hash = "sha256:3c012422c851f0457c3cb82d8b1259d96fa0dcddc0f1e8bf4d97f0b2efe54485"},
    {file = "pyinstrument-4.4.0-cp311-cp311-manylinux_2_5_i686.manylinux1_i686.manylinux_2_17_i686.manylinux2014_i686.whl", hash = "sha256:e4f5ad100710dda68f9f345961780bf4f0cbb9fd3e46295d099bb9ad65b179ea"},
    {file = "pyinstrument-4.4.0-cp311-cp311-manylinux_2_5_x86_64.manylinux1_x86_64.manylinux_2_17_x86_64.manylinux2014_x86_64.whl", hash = "sha256:9a4a053cd67102c6fcc313366ea6be97cfce7eae2b9e57e62c9be8adbbdebc17"},
    {file = "pyinstrument-4.4.0-cp311-cp311-musllinux_1_1_aarch64.whl", hash = "sha256:1d2a1e53615c8ef210286e4d2d93be0d3e8296995b090df29a0b7ddeae5d874b"},
    {file = "pyinstrument-4.4.0-cp311-cp311-musllinux_1_1_i686.whl", hash = "sha256:b2a6609ef74ad8ba292a11fbd975660bc86466c7eaab1ff11360d24e0300800b"},
    {file = "pyinstrument-4.4.0-cp311-cp311-musllinux_1_1_x86_64.whl", hash = "sha256:3643084ee8ad22d9ea2adb13d65d4b6e18810113e4176b19d026a011957f8c7c"},
    {file = "pyinstrument-4.4.0-cp311-cp311-win32.whl", hash = "sha256:fcd717910a8ab6deca353aded890403bbaea14a6dd99a87c3367f24721d2d6aa"},
    {file = "pyinstrument-4.4.0-cp311-cp311-win_amd64.whl", hash = "sha256:be9ac54a4dd07d969d5941e4dcba67d5aef5f6826f43b9ddda65553816f6abca"},
    {file = "pyinstrument-4.4.0-cp37-cp37m-macosx_10_9_x86_64.whl", hash = "sha256:39584c0fec147e3bbfa7b28454332f9801af5f93331f4143f24a4b0f9e3cb470"},
    {file = "pyinstrument-4.4.0-cp37-cp37m-manylinux_2_17_aarch64.manylinux2014_aarch64.whl", hash = "sha256:5491a5cb3ae5e88436d48b4b3de8328286e843e7307116dc2cca397c9c2ffe21"},
    {file = "pyinstrument-4.4.0-cp37-cp37m-manylinux_2_5_i686.manylinux1_i686.manylinux_2_17_i686.manylinux2014_i686.whl", hash = "sha256:d66fcc94f0ebaab6bcbbdfa2482f833dd634352a20295616ea45286e990f7446"},
    {file = "pyinstrument-4.4.0-cp37-cp37m-manylinux_2_5_x86_64.manylinux1_x86_64.manylinux_2_17_x86_64.manylinux2014_x86_64.whl", hash = "sha256:b72bde0b1a03d1b2dc9b9d79546f551df6f67673cca816614e98ea0aebd3bc50"},
    {file = "pyinstrument-4.4.0-cp37-cp37m-musllinux_1_1_aarch64.whl", hash = "sha256:0bbd169b92147ec5d67ed160c300dda504059cfd81e953ed5b059e8ef92bb482"},
    {file = "pyinstrument-4.4.0-cp37-cp37m-musllinux_1_1_i686.whl", hash = "sha256:e5233022ba511ef7ecfef2e07d162c0817048c995f0940f9aa2f6a1936afcb9c"},
    {file = "pyinstrument-4.4.0-cp37-cp37m-musllinux_1_1_x86_64.whl", hash = "sha256:5e750fc3afb9acc288ad84b183a5ccd863e9185c435b445fcc62e0c133af9b7f"},
    {file = "pyinstrument-4.4.0-cp37-cp37m-win32.whl", hash = "sha256:2d131b98f116fb895d759dfb8c1078e0e9fa8987a9f44f566d29221545f75bd4"},
    {file = "pyinstrument-4.4.0-cp37-cp37m-win_amd64.whl", hash = "sha256:de83152bafc9eed4e5469e340b6002be825151f0654c32bbb9a3a7e31708d227"},
    {file = "pyinstrument-4.4.0-cp38-cp38-macosx_10_9_universal2.whl", hash = "sha256:a7c774c4b8df21664b082d3e72fa8cbc0631fe9bb222bb9d285ccfe9cd9b4909"},
    {file = "pyinstrument-4.4.0-cp38-cp38-macosx_10_9_x86_64.whl", hash = "sha256:7526f0b1dab721ddc19920fa1f4eeaa5bcb658a4d18ac9c50868e84f911f794b"},
    {file = "pyinstrument-4.4.0-cp38-cp38-manylinux_2_17_aarch64.manylinux2014_aarch64.whl", hash = "sha256:59f5f479db277b3dbeb0c6843a7e9a38ee8b7c23d75b9ef764d96cb522d96212"},
    {file = "pyinstrument-4.4.0-cp38-cp38-manylinux_2_5_i686.manylinux1_i686.manylinux_2_17_i686.manylinux2014_i686.whl", hash = "sha256:ffeeaa0d036a8bef31da6fc13c4ea097160f913d86319897314113bb9271af4c"},
    {file = "pyinstrument-4.4.0-cp38-cp38-manylinux_2_5_x86_64.manylinux1_x86_64.manylinux_2_17_x86_64.manylinux2014_x86_64.whl", hash = "sha256:bfc4e2fd670a570ea847f6897283d10d4b9606170e491f01b75488ed1aa37a81"},
    {file = "pyinstrument-4.4.0-cp38-cp38-musllinux_1_1_aarch64.whl", hash = "sha256:ffd9a9fa73fd83a40252430c6ebf8dfff7c668cc68eab4a92562b8b27c302598"},
    {file = "pyinstrument-4.4.0-cp38-cp38-musllinux_1_1_i686.whl", hash = "sha256:09167ece8802bc03a63e97536dcefd9c1a340dae686f40914cf995099bc0d0af"},
    {file = "pyinstrument-4.4.0-cp38-cp38-musllinux_1_1_x86_64.whl", hash = "sha256:9e7d1cc3affef4a7e4695bb87c6cfcd577e2dac508624a91481f24217ef78c57"},
    {file = "pyinstrument-4.4.0-cp38-cp38-win32.whl", hash = "sha256:b50cf50513a5318738c3c7147f02596cda4891089acf2f627bb65954fc5bcbfd"},
    {file = "pyinstrument-4.4.0-cp38-cp38-win_amd64.whl", hash = "sha256:dd9625cf136eb6684d9ca555a5088f21a7ac6c6cb2ece3ae45d09772906ceba8"},
    {file = "pyinstrument-4.4.0-cp39-cp39-macosx_10_9_universal2.whl", hash = "sha256:a8afee175335005d2964848b77579bfc18f011ea74b59b79ab6d5b35433bf3e3"},
    {file = "pyinstrument-4.4.0-cp39-cp39-macosx_10_9_x86_64.whl", hash = "sha256:ebc63b70845e3a44b673f7dcdc78ac2c475684db41b0402eea370f194da2a287"},
    {file = "pyinstrument-4.4.0-cp39-cp39-manylinux_2_17_aarch64.manylinux2014_aarch64.whl", hash = "sha256:bb89033e41e74dc2ac4fd882269e91ddf677588efa665d2be8b718e96ea4cec6"},
    {file = "pyinstrument-4.4.0-cp39-cp39-manylinux_2_5_i686.manylinux1_i686.manylinux_2_17_i686.manylinux2014_i686.whl", hash = "sha256:9b2bcd803d273c8addf01eaf75a42ae0a2a9196a58fb0ebb8d29be75abb88701"},
    {file = "pyinstrument-4.4.0-cp39-cp39-manylinux_2_5_x86_64.manylinux1_x86_64.manylinux_2_17_x86_64.manylinux2014_x86_64.whl", hash = "sha256:50727b686a0961a11eba2fe6205d0899f3479c983bcf34abb114d6da70bc1b93"},
    {file = "pyinstrument-4.4.0-cp39-cp39-musllinux_1_1_aarch64.whl", hash = "sha256:4f07941bb5dd5cd730fc84eef6497ef9f0807c686e68d0c6b1f464589646a3b7"},
    {file = "pyinstrument-4.4.0-cp39-cp39-musllinux_1_1_i686.whl", hash = "sha256:30f5ce299c3219559870117c5b0825f33243808be375be9c3525572ba050c2db"},
    {file = "pyinstrument-4.4.0-cp39-cp39-musllinux_1_1_x86_64.whl", hash = "sha256:9a13c75b24bf8eed5a4356ffa8a419cc534284a529f2b314f3e10275a820420f"},
    {file = "pyinstrument-4.4.0-cp39-cp39-win32.whl", hash = "sha256:e5583b0d23f87631af06bb9f3c184190c889c194b02553eed132de966324bdf9"},
    {file = "pyinstrument-4.4.0-cp39-cp39-win_amd64.whl", hash = "sha256:a19784a898133b7e0ffe4489155bacd2d07ec48ea059f9bf50033dc2b814c273"},
    {file = "pyinstrument-4.4.0.tar.gz", hash = "sha256:be34a2e8118c14a616a64538e02430d9099d5d67d8a370f2888e4ac71e52bbb7"},
]

[package.extras]
jupyter = ["ipython"]

[[package]]
name = "scipy"
version = "1.10.1"
description = "Fundamental algorithms for scientific computing in Python"
category = "main"
optional = false
python-versions = "<3.12,>=3.8"
files = [
    {file = "scipy-1.10.1-cp310-cp310-macosx_10_9_x86_64.whl", hash = "sha256:e7354fd7527a4b0377ce55f286805b34e8c54b91be865bac273f527e1b839019"},
    {file = "scipy-1.10.1-cp310-cp310-macosx_12_0_arm64.whl", hash = "sha256:4b3f429188c66603a1a5c549fb414e4d3bdc2a24792e061ffbd607d3d75fd84e"},
    {file = "scipy-1.10.1-cp310-cp310-manylinux_2_17_aarch64.manylinux2014_aarch64.whl", hash = "sha256:1553b5dcddd64ba9a0d95355e63fe6c3fc303a8fd77c7bc91e77d61363f7433f"},
    {file = "scipy-1.10.1-cp310-cp310-manylinux_2_17_x86_64.manylinux2014_x86_64.whl", hash = "sha256:4c0ff64b06b10e35215abce517252b375e580a6125fd5fdf6421b98efbefb2d2"},
    {file = "scipy-1.10.1-cp310-cp310-win_amd64.whl", hash = "sha256:fae8a7b898c42dffe3f7361c40d5952b6bf32d10c4569098d276b4c547905ee1"},
    {file = "scipy-1.10.1-cp311-cp311-macosx_10_9_x86_64.whl", hash = "sha256:0f1564ea217e82c1bbe75ddf7285ba0709ecd503f048cb1236ae9995f64217bd"},
    {file = "scipy-1.10.1-cp311-cp311-macosx_12_0_arm64.whl", hash = "sha256:d925fa1c81b772882aa55bcc10bf88324dadb66ff85d548c71515f6689c6dac5"},
    {file = "scipy-1.10.1-cp311-cp311-manylinux_2_17_aarch64.manylinux2014_aarch64.whl", hash = "sha256:aaea0a6be54462ec027de54fca511540980d1e9eea68b2d5c1dbfe084797be35"},
    {file = "scipy-1.10.1-cp311-cp311-manylinux_2_17_x86_64.manylinux2014_x86_64.whl", hash = "sha256:15a35c4242ec5f292c3dd364a7c71a61be87a3d4ddcc693372813c0b73c9af1d"},
    {file = "scipy-1.10.1-cp311-cp311-win_amd64.whl", hash = "sha256:43b8e0bcb877faf0abfb613d51026cd5cc78918e9530e375727bf0625c82788f"},
    {file = "scipy-1.10.1-cp38-cp38-macosx_10_9_x86_64.whl", hash = "sha256:5678f88c68ea866ed9ebe3a989091088553ba12c6090244fdae3e467b1139c35"},
    {file = "scipy-1.10.1-cp38-cp38-macosx_12_0_arm64.whl", hash = "sha256:39becb03541f9e58243f4197584286e339029e8908c46f7221abeea4b749fa88"},
    {file = "scipy-1.10.1-cp38-cp38-manylinux_2_17_aarch64.manylinux2014_aarch64.whl", hash = "sha256:bce5869c8d68cf383ce240e44c1d9ae7c06078a9396df68ce88a1230f93a30c1"},
    {file = "scipy-1.10.1-cp38-cp38-manylinux_2_17_x86_64.manylinux2014_x86_64.whl", hash = "sha256:07c3457ce0b3ad5124f98a86533106b643dd811dd61b548e78cf4c8786652f6f"},
    {file = "scipy-1.10.1-cp38-cp38-win_amd64.whl", hash = "sha256:049a8bbf0ad95277ffba9b3b7d23e5369cc39e66406d60422c8cfef40ccc8415"},
    {file = "scipy-1.10.1-cp39-cp39-macosx_10_9_x86_64.whl", hash = "sha256:cd9f1027ff30d90618914a64ca9b1a77a431159df0e2a195d8a9e8a04c78abf9"},
    {file = "scipy-1.10.1-cp39-cp39-macosx_12_0_arm64.whl", hash = "sha256:79c8e5a6c6ffaf3a2262ef1be1e108a035cf4f05c14df56057b64acc5bebffb6"},
    {file = "scipy-1.10.1-cp39-cp39-manylinux_2_17_aarch64.manylinux2014_aarch64.whl", hash = "sha256:51af417a000d2dbe1ec6c372dfe688e041a7084da4fdd350aeb139bd3fb55353"},
    {file = "scipy-1.10.1-cp39-cp39-manylinux_2_17_x86_64.manylinux2014_x86_64.whl", hash = "sha256:1b4735d6c28aad3cdcf52117e0e91d6b39acd4272f3f5cd9907c24ee931ad601"},
    {file = "scipy-1.10.1-cp39-cp39-win_amd64.whl", hash = "sha256:7ff7f37b1bf4417baca958d254e8e2875d0cc23aaadbe65b3d5b3077b0eb23ea"},
    {file = "scipy-1.10.1.tar.gz", hash = "sha256:2cf9dfb80a7b4589ba4c40ce7588986d6d5cebc5457cad2c2880f6bc2d42f3a5"},
]

[package.dependencies]
numpy = ">=1.19.5,<1.27.0"

[package.extras]
dev = ["click", "doit (>=0.36.0)", "flake8", "mypy", "pycodestyle", "pydevtool", "rich-click", "typing_extensions"]
doc = ["matplotlib (>2)", "numpydoc", "pydata-sphinx-theme (==0.9.0)", "sphinx (!=4.1.0)", "sphinx-design (>=0.2.0)"]
test = ["asv", "gmpy2", "mpmath", "pooch", "pytest", "pytest-cov", "pytest-timeout", "pytest-xdist", "scikit-umfpack", "threadpoolctl"]

[[package]]
name = "six"
version = "1.16.0"
description = "Python 2 and 3 compatibility utilities"
category = "dev"
optional = false
python-versions = ">=2.7, !=3.0.*, !=3.1.*, !=3.2.*"
files = [
    {file = "six-1.16.0-py2.py3-none-any.whl", hash = "sha256:8abb2f1d86890a2dfb989f9a77cfcfd3e47c2a354b01111771326f8aa26e0254"},
    {file = "six-1.16.0.tar.gz", hash = "sha256:1e61c37477a1626458e36f7b1d82aa5c9b094fa4802892072e49de9c60c4c926"},
]

[[package]]
name = "stack-data"
version = "0.6.2"
description = "Extract data from python stack frames and tracebacks for informative displays"
category = "dev"
optional = false
python-versions = "*"
files = [
    {file = "stack_data-0.6.2-py3-none-any.whl", hash = "sha256:cbb2a53eb64e5785878201a97ed7c7b94883f48b87bfb0bbe8b623c74679e4a8"},
    {file = "stack_data-0.6.2.tar.gz", hash = "sha256:32d2dd0376772d01b6cb9fc996f3c8b57a357089dec328ed4b6553d037eaf815"},
]

[package.dependencies]
asttokens = ">=2.1.0"
executing = ">=1.2.0"
pure-eval = "*"

[package.extras]
tests = ["cython", "littleutils", "pygments", "pytest", "typeguard"]

[[package]]
name = "traitlets"
version = "5.9.0"
description = "Traitlets Python configuration system"
category = "dev"
optional = false
python-versions = ">=3.7"
files = [
    {file = "traitlets-5.9.0-py3-none-any.whl", hash = "sha256:9e6ec080259b9a5940c797d58b613b5e31441c2257b87c2e795c5228ae80d2d8"},
    {file = "traitlets-5.9.0.tar.gz", hash = "sha256:f6cde21a9c68cf756af02035f72d5a723bf607e862e7be33ece505abf4a3bad9"},
]

[package.extras]
docs = ["myst-parser", "pydata-sphinx-theme", "sphinx"]
test = ["argcomplete (>=2.0)", "pre-commit", "pytest", "pytest-mock"]

[[package]]
name = "wcwidth"
version = "0.2.6"
description = "Measures the displayed width of unicode strings in a terminal"
category = "dev"
optional = false
python-versions = "*"
files = [
    {file = "wcwidth-0.2.6-py2.py3-none-any.whl", hash = "sha256:795b138f6875577cd91bba52baf9e445cd5118fd32723b460e30a0af30ea230e"},
    {file = "wcwidth-0.2.6.tar.gz", hash = "sha256:a5220780a404dbe3353789870978e472cfe477761f06ee55077256e509b156d0"},
]

[metadata]
lock-version = "2.0"
python-versions = ">=3.11,<3.12"
content-hash = "d8e5aaafed16b9279cb6c12a9bf17e06c33e04499b57821843de6226c7992199"
